
Microsoft Visual Studio Solution File, Format Version 12.00
# Visual Studio Version 17
VisualStudioVersion = 17.4.33213.308
MinimumVisualStudioVersion = 10.0.40219.1
Project("{9A19103F-16F7-4668-BE54-9A1E7A4F7556}") = "finlang", "finlang\finlang.csproj", "{3AE12262-8858-484C-B7F3-3482060D5F81}"
EndProject
Project("{9A19103F-16F7-4668-BE54-9A1E7A4F7556}") = "finlang.test", "finlang.test\finlang.test.csproj", "{527232CD-2CB5-4B81-A186-C419C357E34C}"
EndProject
Project("{9A19103F-16F7-4668-BE54-9A1E7A4F7556}") = "finlang.InternalGen", "finlang.gen\finlang.InternalGen.csproj", "{487D6F3C-4C28-4CD8-8BF2-65F7AAE3E32B}"
EndProject
Project("{9A19103F-16F7-4668-BE54-9A1E7A4F7556}") = "ExProj1", "ExProj1\ExProj1.csproj", "{5C8AD0CF-35B9-42CF-8EA7-356DF00F7B2D}"
EndProject
Global
	GlobalSection(SolutionConfigurationPlatforms) = preSolution
		Debug|Any CPU = Debug|Any CPU
		Release|Any CPU = Release|Any CPU
	EndGlobalSection
	GlobalSection(ProjectConfigurationPlatforms) = postSolution
		{3AE12262-8858-484C-B7F3-3482060D5F81}.Debug|Any CPU.ActiveCfg = Debug|Any CPU
		{3AE12262-8858-484C-B7F3-3482060D5F81}.Debug|Any CPU.Build.0 = Debug|Any CPU
		{3AE12262-8858-484C-B7F3-3482060D5F81}.Release|Any CPU.ActiveCfg = Release|Any CPU
		{3AE12262-8858-484C-B7F3-3482060D5F81}.Release|Any CPU.Build.0 = Release|Any CPU
		{527232CD-2CB5-4B81-A186-C419C357E34C}.Debug|Any CPU.ActiveCfg = Debug|Any CPU
		{527232CD-2CB5-4B81-A186-C419C357E34C}.Debug|Any CPU.Build.0 = Debug|Any CPU
		{527232CD-2CB5-4B81-A186-C419C357E34C}.Release|Any CPU.ActiveCfg = Release|Any CPU
		{527232CD-2CB5-4B81-A186-C419C357E34C}.Release|Any CPU.Build.0 = Release|Any CPU
		{487D6F3C-4C28-4CD8-8BF2-65F7AAE3E32B}.Debug|Any CPU.ActiveCfg = Debug|Any CPU
		{487D6F3C-4C28-4CD8-8BF2-65F7AAE3E32B}.Debug|Any CPU.Build.0 = Debug|Any CPU
		{487D6F3C-4C28-4CD8-8BF2-65F7AAE3E32B}.Release|Any CPU.ActiveCfg = Release|Any CPU
		{487D6F3C-4C28-4CD8-8BF2-65F7AAE3E32B}.Release|Any CPU.Build.0 = Release|Any CPU
		{5C8AD0CF-35B9-42CF-8EA7-356DF00F7B2D}.Debug|Any CPU.ActiveCfg = Debug|Any CPU
		{5C8AD0CF-35B9-42CF-8EA7-356DF00F7B2D}.Debug|Any CPU.Build.0 = Debug|Any CPU
		{5C8AD0CF-35B9-42CF-8EA7-356DF00F7B2D}.Release|Any CPU.ActiveCfg = Release|Any CPU
		{5C8AD0CF-35B9-42CF-8EA7-356DF00F7B2D}.Release|Any CPU.Build.0 = Release|Any CPU
	EndGlobalSection
	GlobalSection(SolutionProperties) = preSolution
		HideSolutionNode = FALSE
	EndGlobalSection
	GlobalSection(ExtensibilityGlobals) = postSolution
		SolutionGuid = {DE743C55-DE09-4801-80F8-328861D7A557}
	EndGlobalSection
EndGlobal
